{
  "nodes": {
    "nixgl": {
      "inputs": {
        "nixpkgs": "nixpkgs"
      },
      "locked": {
        "lastModified": 1656321324,
        "narHash": "sha256-Sz0uWspqvshGFbT+XmRVVayuW514rNNLLvrre8jBLLU=",
        "owner": "guibou",
        "repo": "nixGL",
        "rev": "047a34b2f087e2e3f93d43df8e67ada40bf70e5c",
        "type": "github"
      },
      "original": {
        "owner": "guibou",
        "repo": "nixGL",
        "type": "github"
      }
    },
    "nixpkgs": {
      "locked": {
        "lastModified": 1659254610,
        "narHash": "sha256-ee5W5MLWZ3kdx5hwOUs6trOJit+GeTDfG+Lg3rANKoc=",
        "owner": "NixOS",
        "repo": "nixpkgs",
        "rev": "67f49b2a3854e8b5e3f9df4422225daa0985f451",
        "type": "github"
      },
      "original": {
        "id": "nixpkgs",
        "type": "indirect"
      }
    },
    "nixpkgs_2": {
      "locked": {
        "lastModified": 1659219666,
        "narHash": "sha256-pzYr5fokQPHv7CmUXioOhhzDy/XyWOIXP4LZvv/T7Mk=",
        "owner": "NixOS",
        "repo": "nixpkgs",
        "rev": "7b9be38c7250b22d829ab6effdee90d5e40c6e5c",
        "type": "github"
      },
      "original": {
        "id": "nixpkgs",
        "ref": "nixos-unstable",
        "type": "indirect"
      }
    },
    "nixpkgs_3": {
      "locked": {
        "lastModified": 1641710811,
        "narHash": "sha256-yVJ+CtwWZY8BnkNIJ/ue5a28yrRM6CkDF1LvmGmqqwM=",
        "owner": "NixOS",
        "repo": "nixpkgs",
        "rev": "0ecf7d414811f831060cf55707c374d54fbb1dec",
        "type": "github"
      },
      "original": {
        "owner": "NixOS",
        "ref": "nixos-unstable",
        "repo": "nixpkgs",
        "type": "github"
      }
    },
    "nixvim": {
      "inputs": {
        "nixpkgs": "nixpkgs_3",
        "nmdSrc": "nmdSrc"
      },
      "locked": {
        "lastModified": 1659037118,
        "narHash": "sha256-5t7xYo4u1a2a5wuT+aFImeSnchp8QUGxun/48z+rkio=",
        "owner": "pta2002",
        "repo": "nixvim",
        "rev": "f12a79bda685fb6027ffa8352494afdfcd22a59f",
        "type": "github"
      },
      "original": {
        "owner": "pta2002",
        "repo": "nixvim",
        "type": "github"
      }
    },
    "nmdSrc": {
      "flake": false,
      "locked": {
        "lastModified": 1637239786,
        "narHash": "sha256-l2KsnY537mz0blZdqALZKrWXn9PD39CpvotgPnxyIP4=",
        "owner": "rycee",
        "repo": "nmd",
        "rev": "527245ff605bde88c2dd2ddae21c6479bb7cf8aa",
        "type": "gitlab"
      },
      "original": {
        "owner": "rycee",
        "repo": "nmd",
        "type": "gitlab"
      }
    },
    "root": {
      "inputs": {
        "nixgl": "nixgl",
        "nixpkgs": "nixpkgs_2",
        "nixvim": "nixvim"
      }
    }
  },
  "root": "root",
  "version": 7
}
